
Microsoft Visual Studio Solution File, Format Version 12.00
# Visual Studio Version 17
VisualStudioVersion = 17.0.31903.59
MinimumVisualStudioVersion = 10.0.40219.1
Project("{9A19103F-16F7-4668-BE54-9A1E7A4F7556}") = "dotnet6", "dotnet6.csproj", "{94685E84-8160-42F9-88E0-48AADEE28EBE}"
EndProject
Global
	GlobalSection(SolutionConfigurationPlatforms) = preSolution
		Debug|Any CPU = Debug|Any CPU
		Release|Any CPU = Release|Any CPU
	EndGlobalSection
	GlobalSection(ProjectConfigurationPlatforms) = postSolution
		{94685E84-8160-42F9-88E0-48AADEE28EBE}.Debug|Any CPU.ActiveCfg = Debug|Any CPU
		{94685E84-8160-42F9-88E0-48AADEE28EBE}.Debug|Any CPU.Build.0 = Debug|Any CPU
		{94685E84-8160-42F9-88E0-48AADEE28EBE}.Release|Any CPU.ActiveCfg = Release|Any CPU
		{94685E84-8160-42F9-88E0-48AADEE28EBE}.Release|Any CPU.Build.0 = Release|Any CPU
	EndGlobalSection
	GlobalSection(SolutionProperties) = preSolution
		HideSolutionNode = FALSE
	EndGlobalSection
	GlobalSection(ExtensibilityGlobals) = postSolution
		SolutionGuid = {554D03F7-5567-493B-A25B-082CECCB054B}
	EndGlobalSection
EndGlobal
